
Microsoft Visual Studio Solution File, Format Version 12.00
# Visual Studio Version 16
VisualStudioVersion = 16.0.30804.86
MinimumVisualStudioVersion = 10.0.40219.1
Project("{FAE04EC0-301F-11D3-BF4B-00C04F79EFBC}") = "04-Loops", "04-Loops.csproj", "{D4BE174A-A5A5-4E62-8BA2-3B0ED439B248}"
EndProject
Global
	GlobalSection(SolutionConfigurationPlatforms) = preSolution
		Debug|Any CPU = Debug|Any CPU
		Release|Any CPU = Release|Any CPU
	EndGlobalSection
	GlobalSection(ProjectConfigurationPlatforms) = postSolution
		{D4BE174A-A5A5-4E62-8BA2-3B0ED439B248}.Debug|Any CPU.ActiveCfg = Debug|Any CPU
		{D4BE174A-A5A5-4E62-8BA2-3B0ED439B248}.Debug|Any CPU.Build.0 = Debug|Any CPU
		{D4BE174A-A5A5-4E62-8BA2-3B0ED439B248}.Release|Any CPU.ActiveCfg = Release|Any CPU
		{D4BE174A-A5A5-4E62-8BA2-3B0ED439B248}.Release|Any CPU.Build.0 = Release|Any CPU
	EndGlobalSection
	GlobalSection(SolutionProperties) = preSolution
		HideSolutionNode = FALSE
	EndGlobalSection
	GlobalSection(ExtensibilityGlobals) = postSolution
		SolutionGuid = {68CBE07A-FA8F-4467-9C12-B0544082923D}
	EndGlobalSection
EndGlobal
